
Microsoft Visual Studio Solution File, Format Version 12.00
# Visual Studio Version 17
VisualStudioVersion = 17.8.34316.72
MinimumVisualStudioVersion = 10.0.40219.1
Project("{FAE04EC0-301F-11D3-BF4B-00C04F79EFBC}") = "MatomoTestSuite", "MatomoTestSuite.csproj", "{1309335A-E58A-4642-ADF0-0AE9DF15D23B}"
EndProject
Global
	GlobalSection(SolutionConfigurationPlatforms) = preSolution
		Debug|Any CPU = Debug|Any CPU
		Release|Any CPU = Release|Any CPU
	EndGlobalSection
	GlobalSection(ProjectConfigurationPlatforms) = postSolution
		{1309335A-E58A-4642-ADF0-0AE9DF15D23B}.Debug|Any CPU.ActiveCfg = Debug|Any CPU
		{1309335A-E58A-4642-ADF0-0AE9DF15D23B}.Debug|Any CPU.Build.0 = Debug|Any CPU
		{1309335A-E58A-4642-ADF0-0AE9DF15D23B}.Release|Any CPU.ActiveCfg = Release|Any CPU
		{1309335A-E58A-4642-ADF0-0AE9DF15D23B}.Release|Any CPU.Build.0 = Release|Any CPU
	EndGlobalSection
	GlobalSection(SolutionProperties) = preSolution
		HideSolutionNode = FALSE
	EndGlobalSection
	GlobalSection(ExtensibilityGlobals) = postSolution
		SolutionGuid = {8C18D883-460A-40EF-AF3F-A86C4D78EC37}
	EndGlobalSection
EndGlobal
